
Microsoft Visual Studio Solution File, Format Version 12.00
# Visual Studio 15
VisualStudioVersion = 15.0.26430.13
MinimumVisualStudioVersion = 10.0.40219.1
Project("{FAE04EC0-301F-11D3-BF4B-00C04F79EFBC}") = "AlphaBomberman", "AlphaBomberman\AlphaBomberman.csproj", "{93CE1574-A78D-4D92-859E-E3F1041E44DB}"
EndProject
Project("{2150E333-8FDC-42A3-9474-1A3956D46DE8}") = "Solution Items", "Solution Items", "{8F89C015-3F40-424E-A4D5-FCA25B3F2925}"
	ProjectSection(SolutionItems) = preProject
		game-30x15.png = game-30x15.png
		LICENCE.txt = LICENCE.txt
		README.md = README.md
		start-screen.png = start-screen.png
	EndProjectSection
EndProject
Project("{FAE04EC0-301F-11D3-BF4B-00C04F79EFBC}") = "AlphaBomberman.Models", "AlphaBomberman.Models\AlphaBomberman.Models.csproj", "{AEC0D57E-9F6F-4ED9-B19F-2A40C3A61991}"
EndProject
Project("{FAE04EC0-301F-11D3-BF4B-00C04F79EFBC}") = "AlphaBomberman.Utilities", "AlphaBomberman.Utilities\AlphaBomberman.Utilities.csproj", "{226CC90E-4D02-4409-84BB-CAB59C23B89F}"
EndProject
Project("{FAE04EC0-301F-11D3-BF4B-00C04F79EFBC}") = "AlphaBomberman.NUnit.Tests", "AlphaBomberman.NUnit.Tests\AlphaBomberman.NUnit.Tests.csproj", "{8EDF4429-251A-416D-BB68-93F227191BCF}"
EndProject
Global
	GlobalSection(SolutionConfigurationPlatforms) = preSolution
		Debug|Any CPU = Debug|Any CPU
		Release|Any CPU = Release|Any CPU
	EndGlobalSection
	GlobalSection(ProjectConfigurationPlatforms) = postSolution
		{93CE1574-A78D-4D92-859E-E3F1041E44DB}.Debug|Any CPU.ActiveCfg = Debug|Any CPU
		{93CE1574-A78D-4D92-859E-E3F1041E44DB}.Debug|Any CPU.Build.0 = Debug|Any CPU
		{93CE1574-A78D-4D92-859E-E3F1041E44DB}.Release|Any CPU.ActiveCfg = Release|Any CPU
		{93CE1574-A78D-4D92-859E-E3F1041E44DB}.Release|Any CPU.Build.0 = Release|Any CPU
		{AEC0D57E-9F6F-4ED9-B19F-2A40C3A61991}.Debug|Any CPU.ActiveCfg = Debug|Any CPU
		{AEC0D57E-9F6F-4ED9-B19F-2A40C3A61991}.Debug|Any CPU.Build.0 = Debug|Any CPU
		{AEC0D57E-9F6F-4ED9-B19F-2A40C3A61991}.Release|Any CPU.ActiveCfg = Release|Any CPU
		{AEC0D57E-9F6F-4ED9-B19F-2A40C3A61991}.Release|Any CPU.Build.0 = Release|Any CPU
		{226CC90E-4D02-4409-84BB-CAB59C23B89F}.Debug|Any CPU.ActiveCfg = Debug|Any CPU
		{226CC90E-4D02-4409-84BB-CAB59C23B89F}.Debug|Any CPU.Build.0 = Debug|Any CPU
		{226CC90E-4D02-4409-84BB-CAB59C23B89F}.Release|Any CPU.ActiveCfg = Release|Any CPU
		{226CC90E-4D02-4409-84BB-CAB59C23B89F}.Release|Any CPU.Build.0 = Release|Any CPU
		{8EDF4429-251A-416D-BB68-93F227191BCF}.Debug|Any CPU.ActiveCfg = Debug|Any CPU
		{8EDF4429-251A-416D-BB68-93F227191BCF}.Debug|Any CPU.Build.0 = Debug|Any CPU
		{8EDF4429-251A-416D-BB68-93F227191BCF}.Release|Any CPU.ActiveCfg = Release|Any CPU
		{8EDF4429-251A-416D-BB68-93F227191BCF}.Release|Any CPU.Build.0 = Release|Any CPU
	EndGlobalSection
	GlobalSection(SolutionProperties) = preSolution
		HideSolutionNode = FALSE
	EndGlobalSection
EndGlobal
